Microsoft Visual Studio Solution File, Format Version 10.00
# Visual Studio 2008
Project("{8BC9CEB8-8B4A-11D0-8D11-00A0C91BC942}") = "ALL_BUILD", "ALL_BUILD.vcproj", "{19AAA6D0-E808-4898-A00C-8E1B8C54464B}"
	ProjectSection(ProjectDependencies) = postProject
		{31553B7C-21B1-4FA7-A8D1-EE039BE21277} = {31553B7C-21B1-4FA7-A8D1-EE039BE21277}
		{8828AA1A-DC25-4C8E-96BA-075296867DAB} = {8828AA1A-DC25-4C8E-96BA-075296867DAB}
	EndProjectSection
EndProject
Project("{8BC9CEB8-8B4A-11D0-8D11-00A0C91BC942}") = "ZERO_CHECK", "ZERO_CHECK.vcproj", "{31553B7C-21B1-4FA7-A8D1-EE039BE21277}"
	ProjectSection(ProjectDependencies) = postProject
	EndProjectSection
EndProject
Project("{8BC9CEB8-8B4A-11D0-8D11-00A0C91BC942}") = "libsstuff", "src\sstuff\libsstuff.vcproj", "{8828AA1A-DC25-4C8E-96BA-075296867DAB}"
	ProjectSection(ProjectDependencies) = postProject
		{31553B7C-21B1-4FA7-A8D1-EE039BE21277} = {31553B7C-21B1-4FA7-A8D1-EE039BE21277}
	EndProjectSection
EndProject
Global
	GlobalSection(SolutionConfigurationPlatforms) = preSolution
		Debug|Win32 = Debug|Win32
		Release|Win32 = Release|Win32
	EndGlobalSection
	GlobalSection(ProjectConfigurationPlatforms) = postSolution
		{19AAA6D0-E808-4898-A00C-8E1B8C54464B}.Debug|Win32.ActiveCfg = Debug|Win32
		{19AAA6D0-E808-4898-A00C-8E1B8C54464B}.Release|Win32.ActiveCfg = Release|Win32
		{31553B7C-21B1-4FA7-A8D1-EE039BE21277}.Debug|Win32.ActiveCfg = Debug|Win32
		{31553B7C-21B1-4FA7-A8D1-EE039BE21277}.Debug|Win32.Build.0 = Debug|Win32
		{31553B7C-21B1-4FA7-A8D1-EE039BE21277}.Release|Win32.ActiveCfg = Release|Win32
		{31553B7C-21B1-4FA7-A8D1-EE039BE21277}.Release|Win32.Build.0 = Release|Win32
		{8828AA1A-DC25-4C8E-96BA-075296867DAB}.Debug|Win32.ActiveCfg = Debug|Win32
		{8828AA1A-DC25-4C8E-96BA-075296867DAB}.Debug|Win32.Build.0 = Debug|Win32
		{8828AA1A-DC25-4C8E-96BA-075296867DAB}.Release|Win32.ActiveCfg = Release|Win32
		{8828AA1A-DC25-4C8E-96BA-075296867DAB}.Release|Win32.Build.0 = Release|Win32
	EndGlobalSection
	GlobalSection(ExtensibilityGlobals) = postSolution
	EndGlobalSection
	GlobalSection(ExtensibilityAddIns) = postSolution
	EndGlobalSection
EndGlobal
