Microsoft Visual Studio Solution File, Format Version 9.00
# Visual Studio 2005
Project("{8BC9CEB8-8B4A-11D0-8D11-00A0C91BC942}") = "freeflow", "freeflow.vcproj", "{53931E63-92C9-4BD7-865D-63622572F172}"
	ProjectSection(ProjectDependencies) = postProject
		{CA14BC28-D3E2-4102-BA5B-4225A700BD00} = {CA14BC28-D3E2-4102-BA5B-4225A700BD00}
		{184FB556-39CF-45CB-8F76-D50096C46D0D} = {184FB556-39CF-45CB-8F76-D50096C46D0D}
	EndProjectSection
EndProject
Project("{8BC9CEB8-8B4A-11D0-8D11-00A0C91BC942}") = "globe", "globe.vcproj", "{77A9E578-DE0D-4BA3-B965-2076305B5ED4}"
	ProjectSection(ProjectDependencies) = postProject
		{CA14BC28-D3E2-4102-BA5B-4225A700BD00} = {CA14BC28-D3E2-4102-BA5B-4225A700BD00}
		{184FB556-39CF-45CB-8F76-D50096C46D0D} = {184FB556-39CF-45CB-8F76-D50096C46D0D}
	EndProjectSection
EndProject
Project("{8BC9CEB8-8B4A-11D0-8D11-00A0C91BC942}") = "sstuff", "sstuff.vcproj", "{CA14BC28-D3E2-4102-BA5B-4225A700BD00}"
EndProject
Project("{8BC9CEB8-8B4A-11D0-8D11-00A0C91BC942}") = "surfit", "surfit.vcproj", "{184FB556-39CF-45CB-8F76-D50096C46D0D}"
	ProjectSection(ProjectDependencies) = postProject
		{CA14BC28-D3E2-4102-BA5B-4225A700BD00} = {CA14BC28-D3E2-4102-BA5B-4225A700BD00}
	EndProjectSection
EndProject
Project("{8BC9CEB8-8B4A-11D0-8D11-00A0C91BC942}") = "surfit_io", "surfit_io.vcproj", "{3F881362-4C40-4AFE-A1FF-253BBB0F0722}"
	ProjectSection(ProjectDependencies) = postProject
		{CA14BC28-D3E2-4102-BA5B-4225A700BD00} = {CA14BC28-D3E2-4102-BA5B-4225A700BD00}
		{184FB556-39CF-45CB-8F76-D50096C46D0D} = {184FB556-39CF-45CB-8F76-D50096C46D0D}
		{77A9E578-DE0D-4BA3-B965-2076305B5ED4} = {77A9E578-DE0D-4BA3-B965-2076305B5ED4}
	EndProjectSection
EndProject
Global
	GlobalSection(SolutionConfigurationPlatforms) = preSolution
		Debug|Win32 = Debug|Win32
		Release|Win32 = Release|Win32
		XXL_Debug|Win32 = XXL_Debug|Win32
		XXL_Release|Win32 = XXL_Release|Win32
	EndGlobalSection
	GlobalSection(ProjectConfigurationPlatforms) = postSolution
		{53931E63-92C9-4BD7-865D-63622572F172}.Debug|Win32.ActiveCfg = Debug|Win32
		{53931E63-92C9-4BD7-865D-63622572F172}.Debug|Win32.Build.0 = Debug|Win32
		{53931E63-92C9-4BD7-865D-63622572F172}.Release|Win32.ActiveCfg = Release|Win32
		{53931E63-92C9-4BD7-865D-63622572F172}.Release|Win32.Build.0 = Release|Win32
		{53931E63-92C9-4BD7-865D-63622572F172}.XXL_Debug|Win32.ActiveCfg = XXL_Debug|Win32
		{53931E63-92C9-4BD7-865D-63622572F172}.XXL_Debug|Win32.Build.0 = XXL_Debug|Win32
		{53931E63-92C9-4BD7-865D-63622572F172}.XXL_Release|Win32.ActiveCfg = XXL_Release|Win32
		{53931E63-92C9-4BD7-865D-63622572F172}.XXL_Release|Win32.Build.0 = XXL_Release|Win32
		{77A9E578-DE0D-4BA3-B965-2076305B5ED4}.Debug|Win32.ActiveCfg = Debug|Win32
		{77A9E578-DE0D-4BA3-B965-2076305B5ED4}.Debug|Win32.Build.0 = Debug|Win32
		{77A9E578-DE0D-4BA3-B965-2076305B5ED4}.Release|Win32.ActiveCfg = Release|Win32
		{77A9E578-DE0D-4BA3-B965-2076305B5ED4}.Release|Win32.Build.0 = Release|Win32
		{77A9E578-DE0D-4BA3-B965-2076305B5ED4}.XXL_Debug|Win32.ActiveCfg = XXL_Debug|Win32
		{77A9E578-DE0D-4BA3-B965-2076305B5ED4}.XXL_Debug|Win32.Build.0 = XXL_Debug|Win32
		{77A9E578-DE0D-4BA3-B965-2076305B5ED4}.XXL_Release|Win32.ActiveCfg = XXL_Release|Win32
		{77A9E578-DE0D-4BA3-B965-2076305B5ED4}.XXL_Release|Win32.Build.0 = XXL_Release|Win32
		{CA14BC28-D3E2-4102-BA5B-4225A700BD00}.Debug|Win32.ActiveCfg = Debug|Win32
		{CA14BC28-D3E2-4102-BA5B-4225A700BD00}.Debug|Win32.Build.0 = Debug|Win32
		{CA14BC28-D3E2-4102-BA5B-4225A700BD00}.Release|Win32.ActiveCfg = Release|Win32
		{CA14BC28-D3E2-4102-BA5B-4225A700BD00}.Release|Win32.Build.0 = Release|Win32
		{CA14BC28-D3E2-4102-BA5B-4225A700BD00}.XXL_Debug|Win32.ActiveCfg = XXL_Debug|Win32
		{CA14BC28-D3E2-4102-BA5B-4225A700BD00}.XXL_Debug|Win32.Build.0 = XXL_Debug|Win32
		{CA14BC28-D3E2-4102-BA5B-4225A700BD00}.XXL_Release|Win32.ActiveCfg = XXL_Release|Win32
		{CA14BC28-D3E2-4102-BA5B-4225A700BD00}.XXL_Release|Win32.Build.0 = XXL_Release|Win32
		{184FB556-39CF-45CB-8F76-D50096C46D0D}.Debug|Win32.ActiveCfg = Debug|Win32
		{184FB556-39CF-45CB-8F76-D50096C46D0D}.Debug|Win32.Build.0 = Debug|Win32
		{184FB556-39CF-45CB-8F76-D50096C46D0D}.Release|Win32.ActiveCfg = Release|Win32
		{184FB556-39CF-45CB-8F76-D50096C46D0D}.Release|Win32.Build.0 = Release|Win32
		{184FB556-39CF-45CB-8F76-D50096C46D0D}.XXL_Debug|Win32.ActiveCfg = XXL_Debug|Win32
		{184FB556-39CF-45CB-8F76-D50096C46D0D}.XXL_Debug|Win32.Build.0 = XXL_Debug|Win32
		{184FB556-39CF-45CB-8F76-D50096C46D0D}.XXL_Release|Win32.ActiveCfg = XXL_Release|Win32
		{184FB556-39CF-45CB-8F76-D50096C46D0D}.XXL_Release|Win32.Build.0 = XXL_Release|Win32
		{3F881362-4C40-4AFE-A1FF-253BBB0F0722}.Debug|Win32.ActiveCfg = Debug|Win32
		{3F881362-4C40-4AFE-A1FF-253BBB0F0722}.Debug|Win32.Build.0 = Debug|Win32
		{3F881362-4C40-4AFE-A1FF-253BBB0F0722}.Release|Win32.ActiveCfg = Release|Win32
		{3F881362-4C40-4AFE-A1FF-253BBB0F0722}.Release|Win32.Build.0 = Release|Win32
		{3F881362-4C40-4AFE-A1FF-253BBB0F0722}.XXL_Debug|Win32.ActiveCfg = XXL_Debug|Win32
		{3F881362-4C40-4AFE-A1FF-253BBB0F0722}.XXL_Debug|Win32.Build.0 = XXL_Debug|Win32
		{3F881362-4C40-4AFE-A1FF-253BBB0F0722}.XXL_Release|Win32.ActiveCfg = XXL_Release|Win32
		{3F881362-4C40-4AFE-A1FF-253BBB0F0722}.XXL_Release|Win32.Build.0 = XXL_Release|Win32
	EndGlobalSection
	GlobalSection(SolutionProperties) = preSolution
		HideSolutionNode = FALSE
	EndGlobalSection
	GlobalSection(DPCodeReviewSolutionGUID) = preSolution
		DPCodeReviewSolutionGUID = {00000000-0000-0000-0000-000000000000}
	EndGlobalSection
EndGlobal
