<?xml version="1.0" encoding="utf-8"?>
<Project ToolsVersion="4.0" xmlns="http://schemas.microsoft.com/developer/msbuild/2003">
  <ItemGroup>
    <Filter Include="Source Files">
      <UniqueIdentifier>{eaf2f467-eaf4-4a23-bc63-ce8cf8cf2263}</UniqueIdentifier>
      <Extensions>cpp;c;cxx;rc;def;r;odl;idl;hpj;bat</Extensions>
    </Filter>
    <Filter Include="Source Files\matr_cpp">
      <UniqueIdentifier>{c745741d-90fa-428a-9840-b0eb059f4b59}</UniqueIdentifier>
    </Filter>
    <Filter Include="Source Files\common_cpp">
      <UniqueIdentifier>{8bc257a5-b99a-4ba0-86f5-17f60b50f43d}</UniqueIdentifier>
    </Filter>
    <Filter Include="Source Files\methods_cpp">
      <UniqueIdentifier>{c5c9dfc5-b20a-4c15-ae4d-c6bfe1de1b4e}</UniqueIdentifier>
    </Filter>
    <Filter Include="Source Files\methods_cpp\solvers_cpp">
      <UniqueIdentifier>{75615267-9bd7-4c74-8cbe-1b6b57200019}</UniqueIdentifier>
    </Filter>
    <Filter Include="Source Files\grid_cpp">
      <UniqueIdentifier>{6b6630a6-64ca-4654-b08c-973d3f8392a2}</UniqueIdentifier>
    </Filter>
    <Filter Include="Source Files\data_cpp">
      <UniqueIdentifier>{9d64a072-d2de-40f2-99af-9d3475a8c654}</UniqueIdentifier>
    </Filter>
    <Filter Include="Source Files\data_cpp\surf_cpp">
      <UniqueIdentifier>{ba2acfb5-b033-4fa5-bf46-9cda1825cee6}</UniqueIdentifier>
    </Filter>
    <Filter Include="Source Files\data_cpp\surf_cpp\mask_cpp">
      <UniqueIdentifier>{39a1032b-abc6-4d13-9bfa-7e1ff08078ef}</UniqueIdentifier>
    </Filter>
    <Filter Include="Source Files\data_cpp\points_cpp">
      <UniqueIdentifier>{9db95c78-1963-4b57-a044-f01bc64642d0}</UniqueIdentifier>
    </Filter>
    <Filter Include="Source Files\data_cpp\curv_cpp">
      <UniqueIdentifier>{38c64ccf-f0ca-488c-9403-4636260d2519}</UniqueIdentifier>
    </Filter>
    <Filter Include="Source Files\data_cpp\curv_cpp\cntr_cpp">
      <UniqueIdentifier>{93252dfa-5639-425e-a248-a5f24bebf787}</UniqueIdentifier>
    </Filter>
    <Filter Include="Source Files\data_cpp\curv_cpp\grid_line_cpp">
      <UniqueIdentifier>{0bac8b66-897d-4e56-ad7f-8698d6400d17}</UniqueIdentifier>
    </Filter>
    <Filter Include="Source Files\data_cpp\hist_cpp">
      <UniqueIdentifier>{1ee603b2-04cc-42a6-8550-1cbe46162152}</UniqueIdentifier>
    </Filter>
    <Filter Include="Source Files\data_cpp\area_cpp">
      <UniqueIdentifier>{f3c9299a-219b-40e3-973e-bfc5f9fd6b5e}</UniqueIdentifier>
    </Filter>
    <Filter Include="Source Files\functionals_cpp">
      <UniqueIdentifier>{300048aa-dca4-4dc3-8c90-1c41e039bb11}</UniqueIdentifier>
    </Filter>
    <Filter Include="Source Files\functionals_cpp\points.cpp">
      <UniqueIdentifier>{b4a2222d-d53c-4d0b-9764-7713864e6154}</UniqueIdentifier>
    </Filter>
    <Filter Include="Source Files\functionals_cpp\others.cpp">
      <UniqueIdentifier>{b89577dc-e264-4422-8dfb-98ded8a0fdc7}</UniqueIdentifier>
    </Filter>
    <Filter Include="Source Files\functionals_cpp\curvs.cpp">
      <UniqueIdentifier>{8e6ff0ca-4961-42ef-bdad-0c01302192b2}</UniqueIdentifier>
    </Filter>
    <Filter Include="Source Files\functionals_cpp\surfs.cpp">
      <UniqueIdentifier>{e5b070f7-5d20-4641-9ed4-bd5337bb86e1}</UniqueIdentifier>
    </Filter>
    <Filter Include="Source Files\functionals_cpp\methods.cpp">
      <UniqueIdentifier>{29149102-c206-4b80-8fff-752cd0fbc834}</UniqueIdentifier>
    </Filter>
    <Filter Include="Header Files">
      <UniqueIdentifier>{99aa6969-b25b-4421-9912-7691e81dfbc2}</UniqueIdentifier>
      <Extensions>h;hpp;hxx;hm;inl</Extensions>
    </Filter>
    <Filter Include="Header Files\solvers">
      <UniqueIdentifier>{31b1cd9b-4594-4c7a-af77-93867d0c40e2}</UniqueIdentifier>
    </Filter>
    <Filter Include="Header Files\matr_h">
      <UniqueIdentifier>{392b53cc-df3c-40cd-b396-b67fa6f76e62}</UniqueIdentifier>
    </Filter>
    <Filter Include="Header Files\common_h">
      <UniqueIdentifier>{6ecaee15-61e8-4bb5-9e3d-6b51df3e86bf}</UniqueIdentifier>
    </Filter>
    <Filter Include="Header Files\variables_h">
      <UniqueIdentifier>{a2a729cb-b0b5-403b-9280-8feaa75b095c}</UniqueIdentifier>
    </Filter>
    <Filter Include="Header Files\data_h">
      <UniqueIdentifier>{74eb8544-8424-4b0b-b819-dd9b0b9bc18a}</UniqueIdentifier>
    </Filter>
    <Filter Include="Header Files\data_h\surf_h">
      <UniqueIdentifier>{18bb8646-5493-42b0-bc9e-fd8f7d721216}</UniqueIdentifier>
    </Filter>
    <Filter Include="Header Files\data_h\surf_h\mask_h">
      <UniqueIdentifier>{d1179f7f-5dc4-4eb9-86f2-b92b33dc303e}</UniqueIdentifier>
    </Filter>
    <Filter Include="Header Files\data_h\points_h">
      <UniqueIdentifier>{0503caf6-08bb-4034-83fd-468e12ca0642}</UniqueIdentifier>
    </Filter>
    <Filter Include="Header Files\data_h\curv_h">
      <UniqueIdentifier>{2fc44e7d-7abe-479b-b29b-9aeaa5ab45c4}</UniqueIdentifier>
    </Filter>
    <Filter Include="Header Files\data_h\curv_h\cntr_h">
      <UniqueIdentifier>{7ec91ec3-39e1-4d53-82fe-98a1a09c1b32}</UniqueIdentifier>
    </Filter>
    <Filter Include="Header Files\data_h\curv_h\grid_line_h">
      <UniqueIdentifier>{45b3add0-e5e1-40cb-bbe2-43beee48b0dc}</UniqueIdentifier>
    </Filter>
    <Filter Include="Header Files\data_h\hist_h">
      <UniqueIdentifier>{342f47f0-9f09-41a1-9d4f-c67457ed028f}</UniqueIdentifier>
    </Filter>
    <Filter Include="Header Files\data_h\area_h">
      <UniqueIdentifier>{e6ff0979-361d-422d-b2ad-d8d971bb9a89}</UniqueIdentifier>
    </Filter>
    <Filter Include="Header Files\functionals_h">
      <UniqueIdentifier>{081d9149-0792-42da-9dd8-9adfcb81d300}</UniqueIdentifier>
    </Filter>
    <Filter Include="Header Files\functionals_h\points.h">
      <UniqueIdentifier>{700ee36b-0489-4014-a27e-fb0622355fe6}</UniqueIdentifier>
    </Filter>
    <Filter Include="Header Files\functionals_h\other.h">
      <UniqueIdentifier>{2b8abbf2-a6d4-4d32-a542-809f8506a345}</UniqueIdentifier>
    </Filter>
    <Filter Include="Header Files\functionals_h\curvs.h">
      <UniqueIdentifier>{d90f13da-dcbe-422f-bb3a-ede397a0d4ff}</UniqueIdentifier>
    </Filter>
    <Filter Include="Header Files\functionals_h\surfs.h">
      <UniqueIdentifier>{6ad21349-75df-4031-a7b4-8df24b7e761f}</UniqueIdentifier>
    </Filter>
    <Filter Include="Header Files\functionals_h\methods.h">
      <UniqueIdentifier>{e6182224-9b74-4c4d-a968-f7c669a74b16}</UniqueIdentifier>
    </Filter>
    <Filter Include="Header Files\grid_h">
      <UniqueIdentifier>{0beab3e2-ec4b-4445-aa19-cdcd16b65e5a}</UniqueIdentifier>
    </Filter>
    <Filter Include="Interface">
      <UniqueIdentifier>{9e34ba2d-344a-4e67-835f-53c1ab11ad72}</UniqueIdentifier>
      <Extensions>*.i</Extensions>
    </Filter>
    <Filter Include="Unix files">
      <UniqueIdentifier>{52143d3b-3df6-4667-81b8-56ac244cd05c}</UniqueIdentifier>
    </Filter>
    <Filter Include="examples">
      <UniqueIdentifier>{f4ce4998-5c01-4669-add6-ea707fd29991}</UniqueIdentifier>
    </Filter>
    <Filter Include="examples\test">
      <UniqueIdentifier>{37859b86-d117-4639-9e01-738226011fd8}</UniqueIdentifier>
    </Filter>
    <Filter Include="examples\Usage">
      <UniqueIdentifier>{3c58eaa0-f1c3-44ca-86f5-63746be4cc4c}</UniqueIdentifier>
    </Filter>
    <Filter Include="Deprecated code">
      <UniqueIdentifier>{c310b52c-6d83-4397-a8c7-a3e4310e4165}</UniqueIdentifier>
    </Filter>
  </ItemGroup>
  <ItemGroup>
    <ClCompile Include="..\src\surfit\creeps\CreEPS.cpp">
      <Filter>Source Files</Filter>
    </ClCompile>
    <ClCompile Include="..\src\surfit\data_manager.cpp">
      <Filter>Source Files</Filter>
    </ClCompile>
    <ClCompile Include="..\src\surfit\mrf.cpp">
      <Filter>Source Files</Filter>
    </ClCompile>
    <ClCompile Include="..\src\surfit\sort_alg.cpp">
      <Filter>Source Files</Filter>
    </ClCompile>
    <ClCompile Include="..\src\surfit\surfit.cpp">
      <Filter>Source Files</Filter>
    </ClCompile>
    <ClCompile Include="..\src\surfit\surfit_wrap.cxx">
      <Filter>Source Files</Filter>
    </ClCompile>
    <ClCompile Include="..\src\surfit\triangle.cpp">
      <Filter>Source Files</Filter>
    </ClCompile>
    <ClCompile Include="..\src\surfit\variables.cpp">
      <Filter>Source Files</Filter>
    </ClCompile>
    <ClCompile Include="..\src\surfit\matlab.cpp">
      <Filter>Source Files\matr_cpp</Filter>
    </ClCompile>
    <ClCompile Include="..\src\surfit\matr.cpp">
      <Filter>Source Files\matr_cpp</Filter>
    </ClCompile>
    <ClCompile Include="..\src\surfit\matr_cntrs.cpp">
      <Filter>Source Files\matr_cpp</Filter>
    </ClCompile>
    <ClCompile Include="..\src\surfit\matr_diag.cpp">
      <Filter>Source Files\matr_cpp</Filter>
    </ClCompile>
    <ClCompile Include="..\src\surfit\matr_eye.cpp">
      <Filter>Source Files\matr_cpp</Filter>
    </ClCompile>
    <ClCompile Include="..\src\surfit\matr_onesrow.cpp">
      <Filter>Source Files\matr_cpp</Filter>
    </ClCompile>
    <ClCompile Include="..\src\surfit\matrD1.cpp">
      <Filter>Source Files\matr_cpp</Filter>
    </ClCompile>
    <ClCompile Include="..\src\surfit\matrD1_aniso.cpp">
      <Filter>Source Files\matr_cpp</Filter>
    </ClCompile>
    <ClCompile Include="..\src\surfit\matrD1_rect.cpp">
      <Filter>Source Files\matr_cpp</Filter>
    </ClCompile>
    <ClCompile Include="..\src\surfit\matrD2.cpp">
      <Filter>Source Files\matr_cpp</Filter>
    </ClCompile>
    <ClCompile Include="..\src\surfit\matrD2_aniso.cpp">
      <Filter>Source Files\matr_cpp</Filter>
    </ClCompile>
    <ClCompile Include="..\src\surfit\matrD2_rect.cpp">
      <Filter>Source Files\matr_cpp</Filter>
    </ClCompile>
    <ClCompile Include="..\src\surfit\free_elements.cpp">
      <Filter>Source Files\common_cpp</Filter>
    </ClCompile>
    <ClCompile Include="..\src\surfit\license.cpp">
      <Filter>Source Files\common_cpp</Filter>
    </ClCompile>
    <ClCompile Include="..\src\surfit\cmofs.cpp">
      <Filter>Source Files\methods_cpp</Filter>
    </ClCompile>
    <ClCompile Include="..\src\surfit\solvers.cpp">
      <Filter>Source Files\methods_cpp</Filter>
    </ClCompile>
    <ClCompile Include="..\src\surfit\solvers\CG.cpp">
      <Filter>Source Files\methods_cpp\solvers_cpp</Filter>
    </ClCompile>
    <ClCompile Include="..\src\surfit\solvers\J.cpp">
      <Filter>Source Files\methods_cpp\solvers_cpp</Filter>
    </ClCompile>
    <ClCompile Include="..\src\surfit\solvers\JCG.cpp">
      <Filter>Source Files\methods_cpp\solvers_cpp</Filter>
    </ClCompile>
    <ClCompile Include="..\src\surfit\solvers\RF.cpp">
      <Filter>Source Files\methods_cpp\solvers_cpp</Filter>
    </ClCompile>
    <ClCompile Include="..\src\surfit\solvers\SSOR.cpp">
      <Filter>Source Files\methods_cpp\solvers_cpp</Filter>
    </ClCompile>
    <ClCompile Include="..\src\surfit\grid.cpp">
      <Filter>Source Files\grid_cpp</Filter>
    </ClCompile>
    <ClCompile Include="..\src\surfit\grid_internal.cpp">
      <Filter>Source Files\grid_cpp</Filter>
    </ClCompile>
    <ClCompile Include="..\src\surfit\grid_tcl.cpp">
      <Filter>Source Files\grid_cpp</Filter>
    </ClCompile>
    <ClCompile Include="..\src\surfit\grid_user.cpp">
      <Filter>Source Files\grid_cpp</Filter>
    </ClCompile>
    <ClCompile Include="..\src\surfit\data.cpp">
      <Filter>Source Files\data_cpp</Filter>
    </ClCompile>
    <ClCompile Include="..\src\surfit\colorscale.cpp">
      <Filter>Source Files\data_cpp\surf_cpp</Filter>
    </ClCompile>
    <ClCompile Include="..\src\surfit\surf.cpp">
      <Filter>Source Files\data_cpp\surf_cpp</Filter>
    </ClCompile>
    <ClCompile Include="..\src\surfit\surf_internal.cpp">
      <Filter>Source Files\data_cpp\surf_cpp</Filter>
    </ClCompile>
    <ClCompile Include="..\src\surfit\surf_tcl.cpp">
      <Filter>Source Files\data_cpp\surf_cpp</Filter>
    </ClCompile>
    <ClCompile Include="..\src\surfit\mask.cpp">
      <Filter>Source Files\data_cpp\surf_cpp\mask_cpp</Filter>
    </ClCompile>
    <ClCompile Include="..\src\surfit\mask_internal.cpp">
      <Filter>Source Files\data_cpp\surf_cpp\mask_cpp</Filter>
    </ClCompile>
    <ClCompile Include="..\src\surfit\mask_tcl.cpp">
      <Filter>Source Files\data_cpp\surf_cpp\mask_cpp</Filter>
    </ClCompile>
    <ClCompile Include="..\src\surfit\pnts_internal.cpp">
      <Filter>Source Files\data_cpp\points_cpp</Filter>
    </ClCompile>
    <ClCompile Include="..\src\surfit\pnts_tcl.cpp">
      <Filter>Source Files\data_cpp\points_cpp</Filter>
    </ClCompile>
    <ClCompile Include="..\src\surfit\points.cpp">
      <Filter>Source Files\data_cpp\points_cpp</Filter>
    </ClCompile>
    <ClCompile Include="..\src\surfit\curv.cpp">
      <Filter>Source Files\data_cpp\curv_cpp</Filter>
    </ClCompile>
    <ClCompile Include="..\src\surfit\curv_internal.cpp">
      <Filter>Source Files\data_cpp\curv_cpp</Filter>
    </ClCompile>
    <ClCompile Include="..\src\surfit\curv_tcl.cpp">
      <Filter>Source Files\data_cpp\curv_cpp</Filter>
    </ClCompile>
    <ClCompile Include="..\src\surfit\cntr.cpp">
      <Filter>Source Files\data_cpp\curv_cpp\cntr_cpp</Filter>
    </ClCompile>
    <ClCompile Include="..\src\surfit\cntr_internal.cpp">
      <Filter>Source Files\data_cpp\curv_cpp\cntr_cpp</Filter>
    </ClCompile>
    <ClCompile Include="..\src\surfit\cntr_tcl.cpp">
      <Filter>Source Files\data_cpp\curv_cpp\cntr_cpp</Filter>
    </ClCompile>
    <ClCompile Include="..\src\surfit\cntr_trace.cpp">
      <Filter>Source Files\data_cpp\curv_cpp\cntr_cpp</Filter>
    </ClCompile>
    <ClCompile Include="..\src\surfit\grid_line.cpp">
      <Filter>Source Files\data_cpp\curv_cpp\grid_line_cpp</Filter>
    </ClCompile>
    <ClCompile Include="..\src\surfit\grid_line_internal.cpp">
      <Filter>Source Files\data_cpp\curv_cpp\grid_line_cpp</Filter>
    </ClCompile>
    <ClCompile Include="..\src\surfit\grid_line_user.cpp">
      <Filter>Source Files\data_cpp\curv_cpp\grid_line_cpp</Filter>
    </ClCompile>
    <ClCompile Include="..\src\surfit\hist.cpp">
      <Filter>Source Files\data_cpp\hist_cpp</Filter>
    </ClCompile>
    <ClCompile Include="..\src\surfit\hist_internal.cpp">
      <Filter>Source Files\data_cpp\hist_cpp</Filter>
    </ClCompile>
    <ClCompile Include="..\src\surfit\hist_tcl.cpp">
      <Filter>Source Files\data_cpp\hist_cpp</Filter>
    </ClCompile>
    <ClCompile Include="..\src\surfit\area.cpp">
      <Filter>Source Files\data_cpp\area_cpp</Filter>
    </ClCompile>
    <ClCompile Include="..\src\surfit\area_internal.cpp">
      <Filter>Source Files\data_cpp\area_cpp</Filter>
    </ClCompile>
    <ClCompile Include="..\src\surfit\area_tcl.cpp">
      <Filter>Source Files\data_cpp\area_cpp</Filter>
    </ClCompile>
    <ClCompile Include="..\src\surfit\functional.cpp">
      <Filter>Source Files\functionals_cpp</Filter>
    </ClCompile>
    <ClCompile Include="..\src\surfit\f_points.cpp">
      <Filter>Source Files\functionals_cpp\points.cpp</Filter>
    </ClCompile>
    <ClCompile Include="..\src\surfit\f_points_ineq.cpp">
      <Filter>Source Files\functionals_cpp\points.cpp</Filter>
    </ClCompile>
    <ClCompile Include="..\src\surfit\f_points_tcl.cpp">
      <Filter>Source Files\functionals_cpp\points.cpp</Filter>
    </ClCompile>
    <ClCompile Include="..\src\surfit\f_completer.cpp">
      <Filter>Source Files\functionals_cpp\others.cpp</Filter>
    </ClCompile>
    <ClCompile Include="..\src\surfit\f_hist.cpp">
      <Filter>Source Files\functionals_cpp\others.cpp</Filter>
    </ClCompile>
    <ClCompile Include="..\src\surfit\f_ineq.cpp">
      <Filter>Source Files\functionals_cpp\others.cpp</Filter>
    </ClCompile>
    <ClCompile Include="..\src\surfit\f_mean.cpp">
      <Filter>Source Files\functionals_cpp\others.cpp</Filter>
    </ClCompile>
    <ClCompile Include="..\src\surfit\f_value.cpp">
      <Filter>Source Files\functionals_cpp\others.cpp</Filter>
    </ClCompile>
    <ClCompile Include="..\src\surfit\f_wmean.cpp">
      <Filter>Source Files\functionals_cpp\others.cpp</Filter>
    </ClCompile>
    <ClCompile Include="..\src\surfit\others_tcl.cpp">
      <Filter>Source Files\functionals_cpp\others.cpp</Filter>
    </ClCompile>
    <ClCompile Include="..\src\surfit\curvs_tcl.cpp">
      <Filter>Source Files\functionals_cpp\curvs.cpp</Filter>
    </ClCompile>
    <ClCompile Include="..\src\surfit\f_area.cpp">
      <Filter>Source Files\functionals_cpp\curvs.cpp</Filter>
    </ClCompile>
    <ClCompile Include="..\src\surfit\f_area_hist.cpp">
      <Filter>Source Files\functionals_cpp\curvs.cpp</Filter>
    </ClCompile>
    <ClCompile Include="..\src\surfit\f_area_ineq.cpp">
      <Filter>Source Files\functionals_cpp\curvs.cpp</Filter>
    </ClCompile>
    <ClCompile Include="..\src\surfit\f_area_mean.cpp">
      <Filter>Source Files\functionals_cpp\curvs.cpp</Filter>
    </ClCompile>
    <ClCompile Include="..\src\surfit\f_area_surf.cpp">
      <Filter>Source Files\functionals_cpp\curvs.cpp</Filter>
    </ClCompile>
    <ClCompile Include="..\src\surfit\f_area_surf_ineq.cpp">
      <Filter>Source Files\functionals_cpp\curvs.cpp</Filter>
    </ClCompile>
    <ClCompile Include="..\src\surfit\f_area_wmean.cpp">
      <Filter>Source Files\functionals_cpp\curvs.cpp</Filter>
    </ClCompile>
    <ClCompile Include="..\src\surfit\f_cntr.cpp">
      <Filter>Source Files\functionals_cpp\curvs.cpp</Filter>
    </ClCompile>
    <ClCompile Include="..\src\surfit\f_cntr_ineq.cpp">
      <Filter>Source Files\functionals_cpp\curvs.cpp</Filter>
    </ClCompile>
    <ClCompile Include="..\src\surfit\f_cntr_smooth.cpp">
      <Filter>Source Files\functionals_cpp\curvs.cpp</Filter>
    </ClCompile>
    <ClCompile Include="..\src\surfit\f_curv.cpp">
      <Filter>Source Files\functionals_cpp\curvs.cpp</Filter>
    </ClCompile>
    <ClCompile Include="..\src\surfit\f_curv_ineq.cpp">
      <Filter>Source Files\functionals_cpp\curvs.cpp</Filter>
    </ClCompile>
    <ClCompile Include="..\src\surfit\f_curv_surf.cpp">
      <Filter>Source Files\functionals_cpp\curvs.cpp</Filter>
    </ClCompile>
    <ClCompile Include="..\src\surfit\f_curv_surf_ineq.cpp">
      <Filter>Source Files\functionals_cpp\curvs.cpp</Filter>
    </ClCompile>
    <ClCompile Include="..\src\surfit\f_fault.cpp">
      <Filter>Source Files\functionals_cpp\curvs.cpp</Filter>
    </ClCompile>
    <ClCompile Include="..\src\surfit\f_mask.cpp">
      <Filter>Source Files\functionals_cpp\surfs.cpp</Filter>
    </ClCompile>
    <ClCompile Include="..\src\surfit\f_mask_ineq.cpp">
      <Filter>Source Files\functionals_cpp\surfs.cpp</Filter>
    </ClCompile>
    <ClCompile Include="..\src\surfit\f_mask_mean.cpp">
      <Filter>Source Files\functionals_cpp\surfs.cpp</Filter>
    </ClCompile>
    <ClCompile Include="..\src\surfit\f_mask_surf.cpp">
      <Filter>Source Files\functionals_cpp\surfs.cpp</Filter>
    </ClCompile>
    <ClCompile Include="..\src\surfit\f_mask_surf_ineq.cpp">
      <Filter>Source Files\functionals_cpp\surfs.cpp</Filter>
    </ClCompile>
    <ClCompile Include="..\src\surfit\f_mask_wmean.cpp">
      <Filter>Source Files\functionals_cpp\surfs.cpp</Filter>
    </ClCompile>
    <ClCompile Include="..\src\surfit\f_surf.cpp">
      <Filter>Source Files\functionals_cpp\surfs.cpp</Filter>
    </ClCompile>
    <ClCompile Include="..\src\surfit\f_surf_ineq.cpp">
      <Filter>Source Files\functionals_cpp\surfs.cpp</Filter>
    </ClCompile>
    <ClCompile Include="..\src\surfit\f_trend.cpp">
      <Filter>Source Files\functionals_cpp\surfs.cpp</Filter>
    </ClCompile>
    <ClCompile Include="..\src\surfit\surfs_tcl.cpp">
      <Filter>Source Files\functionals_cpp\surfs.cpp</Filter>
    </ClCompile>
    <ClCompile Include="..\src\surfit\f_method.cpp">
      <Filter>Source Files\functionals_cpp\methods.cpp</Filter>
    </ClCompile>
    <ClCompile Include="..\src\surfit\f_triangulate.cpp">
      <Filter>Source Files\functionals_cpp\methods.cpp</Filter>
    </ClCompile>
  </ItemGroup>
  <ItemGroup>
    <ClInclude Include="..\src\surfit\cmofs.h">
      <Filter>Header Files</Filter>
    </ClInclude>
    <ClInclude Include="..\src\surfit\creeps\CreEPS.h">
      <Filter>Header Files</Filter>
    </ClInclude>
    <ClInclude Include="..\src\surfit\data_manager.h">
      <Filter>Header Files</Filter>
    </ClInclude>
    <ClInclude Include="..\src\surfit\mrf.h">
      <Filter>Header Files</Filter>
    </ClInclude>
    <ClInclude Include="..\src\surfit\sort_alg.h">
      <Filter>Header Files</Filter>
    </ClInclude>
    <ClInclude Include="..\src\surfit\surfit.h">
      <Filter>Header Files</Filter>
    </ClInclude>
    <ClInclude Include="..\src\surfit\triangle.h">
      <Filter>Header Files</Filter>
    </ClInclude>
    <ClInclude Include="..\src\surfit\solvers.h">
      <Filter>Header Files\solvers</Filter>
    </ClInclude>
    <ClInclude Include="..\src\surfit\surfit_solvers.h">
      <Filter>Header Files\solvers</Filter>
    </ClInclude>
    <ClInclude Include="..\src\surfit\matfile.h">
      <Filter>Header Files\matr_h</Filter>
    </ClInclude>
    <ClInclude Include="..\src\surfit\matlab.h">
      <Filter>Header Files\matr_h</Filter>
    </ClInclude>
    <ClInclude Include="..\src\surfit\matr.h">
      <Filter>Header Files\matr_h</Filter>
    </ClInclude>
    <ClInclude Include="..\src\surfit\matr_cntrs.h">
      <Filter>Header Files\matr_h</Filter>
    </ClInclude>
    <ClInclude Include="..\src\surfit\matr_diag.h">
      <Filter>Header Files\matr_h</Filter>
    </ClInclude>
    <ClInclude Include="..\src\surfit\matr_eye.h">
      <Filter>Header Files\matr_h</Filter>
    </ClInclude>
    <ClInclude Include="..\src\surfit\matr_onesrow.h">
      <Filter>Header Files\matr_h</Filter>
    </ClInclude>
    <ClInclude Include="..\src\surfit\matrD1.h">
      <Filter>Header Files\matr_h</Filter>
    </ClInclude>
    <ClInclude Include="..\src\surfit\matrD1_aniso.h">
      <Filter>Header Files\matr_h</Filter>
    </ClInclude>
    <ClInclude Include="..\src\surfit\matrD2.h">
      <Filter>Header Files\matr_h</Filter>
    </ClInclude>
    <ClInclude Include="..\src\surfit\matrD2_aniso.h">
      <Filter>Header Files\matr_h</Filter>
    </ClInclude>
    <ClInclude Include="..\src\surfit\matrD_incr_ptr.h">
      <Filter>Header Files\matr_h</Filter>
    </ClInclude>
    <ClInclude Include="..\src\surfit\free_elements.h">
      <Filter>Header Files\common_h</Filter>
    </ClInclude>
    <ClInclude Include="..\src\surfit\license.h">
      <Filter>Header Files\common_h</Filter>
    </ClInclude>
    <ClInclude Include="..\src\surfit\surfit_ie.h">
      <Filter>Header Files\common_h</Filter>
    </ClInclude>
    <ClInclude Include="..\src\surfit\variables.h">
      <Filter>Header Files\variables_h</Filter>
    </ClInclude>
    <ClInclude Include="..\src\surfit\variables_internal.h">
      <Filter>Header Files\variables_h</Filter>
    </ClInclude>
    <ClInclude Include="..\src\surfit\variables_tcl.h">
      <Filter>Header Files\variables_h</Filter>
    </ClInclude>
    <ClInclude Include="..\src\surfit\other_tcl.h">
      <Filter>Header Files\data_h</Filter>
    </ClInclude>
    <ClInclude Include="..\src\surfit\surfit_data.h">
      <Filter>Header Files\data_h</Filter>
    </ClInclude>
    <ClInclude Include="..\src\surfit\colorscale.h">
      <Filter>Header Files\data_h\surf_h</Filter>
    </ClInclude>
    <ClInclude Include="..\src\surfit\surf.h">
      <Filter>Header Files\data_h\surf_h</Filter>
    </ClInclude>
    <ClInclude Include="..\src\surfit\surf_internal.h">
      <Filter>Header Files\data_h\surf_h</Filter>
    </ClInclude>
    <ClInclude Include="..\src\surfit\surf_tcl.h">
      <Filter>Header Files\data_h\surf_h</Filter>
    </ClInclude>
    <ClInclude Include="..\src\surfit\mask.h">
      <Filter>Header Files\data_h\surf_h\mask_h</Filter>
    </ClInclude>
    <ClInclude Include="..\src\surfit\mask_internal.h">
      <Filter>Header Files\data_h\surf_h\mask_h</Filter>
    </ClInclude>
    <ClInclude Include="..\src\surfit\mask_tcl.h">
      <Filter>Header Files\data_h\surf_h\mask_h</Filter>
    </ClInclude>
    <ClInclude Include="..\src\surfit\pnts_internal.h">
      <Filter>Header Files\data_h\points_h</Filter>
    </ClInclude>
    <ClInclude Include="..\src\surfit\pnts_tcl.h">
      <Filter>Header Files\data_h\points_h</Filter>
    </ClInclude>
    <ClInclude Include="..\src\surfit\points.h">
      <Filter>Header Files\data_h\points_h</Filter>
    </ClInclude>
    <ClInclude Include="..\src\surfit\curv.h">
      <Filter>Header Files\data_h\curv_h</Filter>
    </ClInclude>
    <ClInclude Include="..\src\surfit\curv_internal.h">
      <Filter>Header Files\data_h\curv_h</Filter>
    </ClInclude>
    <ClInclude Include="..\src\surfit\curv_tcl.h">
      <Filter>Header Files\data_h\curv_h</Filter>
    </ClInclude>
    <ClInclude Include="..\src\surfit\cntr.h">
      <Filter>Header Files\data_h\curv_h\cntr_h</Filter>
    </ClInclude>
    <ClInclude Include="..\src\surfit\cntr_internal.h">
      <Filter>Header Files\data_h\curv_h\cntr_h</Filter>
    </ClInclude>
    <ClInclude Include="..\src\surfit\cntr_tcl.h">
      <Filter>Header Files\data_h\curv_h\cntr_h</Filter>
    </ClInclude>
    <ClInclude Include="..\src\surfit\cntr_trace.h">
      <Filter>Header Files\data_h\curv_h\cntr_h</Filter>
    </ClInclude>
    <ClInclude Include="..\src\surfit\grid_line.h">
      <Filter>Header Files\data_h\curv_h\grid_line_h</Filter>
    </ClInclude>
    <ClInclude Include="..\src\surfit\grid_line_internal.h">
      <Filter>Header Files\data_h\curv_h\grid_line_h</Filter>
    </ClInclude>
    <ClInclude Include="..\src\surfit\grid_line_user.h">
      <Filter>Header Files\data_h\curv_h\grid_line_h</Filter>
    </ClInclude>
    <ClInclude Include="..\src\surfit\hist.h">
      <Filter>Header Files\data_h\hist_h</Filter>
    </ClInclude>
    <ClInclude Include="..\src\surfit\hist_internal.h">
      <Filter>Header Files\data_h\hist_h</Filter>
    </ClInclude>
    <ClInclude Include="..\src\surfit\hist_tcl.h">
      <Filter>Header Files\data_h\hist_h</Filter>
    </ClInclude>
    <ClInclude Include="..\src\surfit\area.h">
      <Filter>Header Files\data_h\area_h</Filter>
    </ClInclude>
    <ClInclude Include="..\src\surfit\area_internal.h">
      <Filter>Header Files\data_h\area_h</Filter>
    </ClInclude>
    <ClInclude Include="..\src\surfit\area_tcl.h">
      <Filter>Header Files\data_h\area_h</Filter>
    </ClInclude>
    <ClInclude Include="..\src\surfit\functional.h">
      <Filter>Header Files\functionals_h</Filter>
    </ClInclude>
    <ClInclude Include="..\src\surfit\f_points.h">
      <Filter>Header Files\functionals_h\points.h</Filter>
    </ClInclude>
    <ClInclude Include="..\src\surfit\f_points_ineq.h">
      <Filter>Header Files\functionals_h\points.h</Filter>
    </ClInclude>
    <ClInclude Include="..\src\surfit\f_points_tcl.h">
      <Filter>Header Files\functionals_h\points.h</Filter>
    </ClInclude>
    <ClInclude Include="..\src\surfit\f_completer.h">
      <Filter>Header Files\functionals_h\other.h</Filter>
    </ClInclude>
    <ClInclude Include="..\src\surfit\f_hist.h">
      <Filter>Header Files\functionals_h\other.h</Filter>
    </ClInclude>
    <ClInclude Include="..\src\surfit\f_ineq.h">
      <Filter>Header Files\functionals_h\other.h</Filter>
    </ClInclude>
    <ClInclude Include="..\src\surfit\f_mean.h">
      <Filter>Header Files\functionals_h\other.h</Filter>
    </ClInclude>
    <ClInclude Include="..\src\surfit\f_value.h">
      <Filter>Header Files\functionals_h\other.h</Filter>
    </ClInclude>
    <ClInclude Include="..\src\surfit\f_wmean.h">
      <Filter>Header Files\functionals_h\other.h</Filter>
    </ClInclude>
    <ClInclude Include="..\src\surfit\others_tcl.h">
      <Filter>Header Files\functionals_h\other.h</Filter>
    </ClInclude>
    <ClInclude Include="..\src\surfit\curvs_tcl.h">
      <Filter>Header Files\functionals_h\curvs.h</Filter>
    </ClInclude>
    <ClInclude Include="..\src\surfit\f_area.h">
      <Filter>Header Files\functionals_h\curvs.h</Filter>
    </ClInclude>
    <ClInclude Include="..\src\surfit\f_area_hist.h">
      <Filter>Header Files\functionals_h\curvs.h</Filter>
    </ClInclude>
    <ClInclude Include="..\src\surfit\f_area_ineq.h">
      <Filter>Header Files\functionals_h\curvs.h</Filter>
    </ClInclude>
    <ClInclude Include="..\src\surfit\f_area_mean.h">
      <Filter>Header Files\functionals_h\curvs.h</Filter>
    </ClInclude>
    <ClInclude Include="..\src\surfit\f_area_surf.h">
      <Filter>Header Files\functionals_h\curvs.h</Filter>
    </ClInclude>
    <ClInclude Include="..\src\surfit\f_area_surf_ineq.h">
      <Filter>Header Files\functionals_h\curvs.h</Filter>
    </ClInclude>
    <ClInclude Include="..\src\surfit\f_area_wmean.h">
      <Filter>Header Files\functionals_h\curvs.h</Filter>
    </ClInclude>
    <ClInclude Include="..\src\surfit\f_cntr.h">
      <Filter>Header Files\functionals_h\curvs.h</Filter>
    </ClInclude>
    <ClInclude Include="..\src\surfit\f_cntr_ineq.h">
      <Filter>Header Files\functionals_h\curvs.h</Filter>
    </ClInclude>
    <ClInclude Include="..\src\surfit\f_cntr_smooth.h">
      <Filter>Header Files\functionals_h\curvs.h</Filter>
    </ClInclude>
    <ClInclude Include="..\src\surfit\f_curv.h">
      <Filter>Header Files\functionals_h\curvs.h</Filter>
    </ClInclude>
    <ClInclude Include="..\src\surfit\f_curv_ineq.h">
      <Filter>Header Files\functionals_h\curvs.h</Filter>
    </ClInclude>
    <ClInclude Include="..\src\surfit\f_curv_surf.h">
      <Filter>Header Files\functionals_h\curvs.h</Filter>
    </ClInclude>
    <ClInclude Include="..\src\surfit\f_curv_surf_ineq.h">
      <Filter>Header Files\functionals_h\curvs.h</Filter>
    </ClInclude>
    <ClInclude Include="..\src\surfit\f_fault.h">
      <Filter>Header Files\functionals_h\curvs.h</Filter>
    </ClInclude>
    <ClInclude Include="..\src\surfit\f_mask.h">
      <Filter>Header Files\functionals_h\surfs.h</Filter>
    </ClInclude>
    <ClInclude Include="..\src\surfit\f_mask_ineq.h">
      <Filter>Header Files\functionals_h\surfs.h</Filter>
    </ClInclude>
    <ClInclude Include="..\src\surfit\f_mask_mean.h">
      <Filter>Header Files\functionals_h\surfs.h</Filter>
    </ClInclude>
    <ClInclude Include="..\src\surfit\f_mask_surf.h">
      <Filter>Header Files\functionals_h\surfs.h</Filter>
    </ClInclude>
    <ClInclude Include="..\src\surfit\f_mask_surf_ineq.h">
      <Filter>Header Files\functionals_h\surfs.h</Filter>
    </ClInclude>
    <ClInclude Include="..\src\surfit\f_mask_wmean.h">
      <Filter>Header Files\functionals_h\surfs.h</Filter>
    </ClInclude>
    <ClInclude Include="..\src\surfit\f_surf.h">
      <Filter>Header Files\functionals_h\surfs.h</Filter>
    </ClInclude>
    <ClInclude Include="..\src\surfit\f_surf_ineq.h">
      <Filter>Header Files\functionals_h\surfs.h</Filter>
    </ClInclude>
    <ClInclude Include="..\src\surfit\f_trend.h">
      <Filter>Header Files\functionals_h\surfs.h</Filter>
    </ClInclude>
    <ClInclude Include="..\src\surfit\surfs_tcl.h">
      <Filter>Header Files\functionals_h\surfs.h</Filter>
    </ClInclude>
    <ClInclude Include="..\src\surfit\f_method.h">
      <Filter>Header Files\functionals_h\methods.h</Filter>
    </ClInclude>
    <ClInclude Include="..\src\surfit\f_triangulate.h">
      <Filter>Header Files\functionals_h\methods.h</Filter>
    </ClInclude>
    <ClInclude Include="..\src\surfit\grid.h">
      <Filter>Header Files\grid_h</Filter>
    </ClInclude>
    <ClInclude Include="..\src\surfit\grid_internal.h">
      <Filter>Header Files\grid_h</Filter>
    </ClInclude>
    <ClInclude Include="..\src\surfit\grid_tcl.h">
      <Filter>Header Files\grid_h</Filter>
    </ClInclude>
    <ClInclude Include="..\src\surfit\grid_user.h">
      <Filter>Header Files\grid_h</Filter>
    </ClInclude>
  </ItemGroup>
  <ItemGroup>
    <None Include="..\src\surfit\interface\curv.i">
      <Filter>Interface</Filter>
    </None>
    <None Include="..\src\surfit\interface\fileio.i">
      <Filter>Interface</Filter>
    </None>
    <None Include="..\src\surfit\interface\func.i">
      <Filter>Interface</Filter>
    </None>
    <None Include="..\src\surfit\interface\geom.i">
      <Filter>Interface</Filter>
    </None>
    <None Include="..\src\surfit\interface\hist.i">
      <Filter>Interface</Filter>
    </None>
    <None Include="..\src\surfit\interface\solve.i">
      <Filter>Interface</Filter>
    </None>
    <None Include="..\src\surfit\interface\task.i">
      <Filter>Interface</Filter>
    </None>
    <None Include="..\src\surfit\AUTHORS">
      <Filter>Unix files</Filter>
    </None>
    <None Include="..\src\surfit\ChangeLog">
      <Filter>Unix files</Filter>
    </None>
    <None Include="..\src\surfit\configure.in">
      <Filter>Unix files</Filter>
    </None>
    <None Include="..\src\surfit\COPYING">
      <Filter>Unix files</Filter>
    </None>
    <None Include="..\src\surfit\INSTALL">
      <Filter>Unix files</Filter>
    </None>
    <None Include="..\src\surfit\Makefile.am">
      <Filter>Unix files</Filter>
    </None>
    <None Include="..\src\surfit\NEWS">
      <Filter>Unix files</Filter>
    </None>
    <None Include="..\src\surfit\README">
      <Filter>Unix files</Filter>
    </None>
    <None Include="..\surfit\examples\test\map_area.doc">
      <Filter>examples\test</Filter>
    </None>
    <None Include="..\surfit\examples\test\map_cntr.doc">
      <Filter>examples\test</Filter>
    </None>
    <None Include="..\surfit\examples\test\map_defarea.doc">
      <Filter>examples\test</Filter>
    </None>
    <None Include="..\surfit\examples\test\map_flt.doc">
      <Filter>examples\test</Filter>
    </None>
    <None Include="..\surfit\examples\test\map_func.doc">
      <Filter>examples\test</Filter>
    </None>
    <None Include="..\surfit\examples\test\map_iso.doc">
      <Filter>examples\test</Filter>
    </None>
    <None Include="..\surfit\examples\test\map_task.doc">
      <Filter>examples\test</Filter>
    </None>
    <None Include="..\surfit\examples\test\map_trend.doc">
      <Filter>examples\test</Filter>
    </None>
    <None Include="..\surfit\examples\test\map_warea.doc">
      <Filter>examples\test</Filter>
    </None>
    <None Include="..\surfit\examples\test\map_wcntr.doc">
      <Filter>examples\test</Filter>
    </None>
    <None Include="..\surfit\examples\test\map_wfunc.doc">
      <Filter>examples\test</Filter>
    </None>
    <None Include="..\surfit\examples\test\map_wiso.doc">
      <Filter>examples\test</Filter>
    </None>
    <None Include="..\surfit\examples\test\map_wtask.doc">
      <Filter>examples\test</Filter>
    </None>
    <None Include="..\samples\usage\grid_usage.tcl">
      <Filter>examples\Usage</Filter>
    </None>
    <None Include="..\samples\usage\task_usage.tcl">
      <Filter>examples\Usage</Filter>
    </None>
    <None Include="..\src\surfit\deprecated">
      <Filter>Deprecated code</Filter>
    </None>
  </ItemGroup>
  <ItemGroup>
    <CustomBuild Include="..\src\surfit\interface\surfit.i">
      <Filter>Interface</Filter>
    </CustomBuild>
  </ItemGroup>
</Project>