<?xml version="1.0" encoding="utf-8"?>
<Project ToolsVersion="4.0" xmlns="http://schemas.microsoft.com/developer/msbuild/2003">
  <ItemGroup>
    <Filter Include="Source Files">
      <UniqueIdentifier>{120a7a7a-4830-4b8d-a621-7571b38866f4}</UniqueIdentifier>
      <Extensions>cpp;c;cxx;rc;def;r;odl;idl;hpj;bat</Extensions>
    </Filter>
    <Filter Include="Source Files\vec_cpp">
      <UniqueIdentifier>{d3a33e98-a318-4526-8734-495add2f9fcc}</UniqueIdentifier>
    </Filter>
    <Filter Include="Source Files\ptypes">
      <UniqueIdentifier>{91bec27f-7f60-4c2c-afae-715ee483f770}</UniqueIdentifier>
    </Filter>
    <Filter Include="Source Files\xxl_cpp">
      <UniqueIdentifier>{516fd889-2918-4c2c-902e-364116ab0275}</UniqueIdentifier>
    </Filter>
    <Filter Include="Header Files">
      <UniqueIdentifier>{77c2080e-6854-4fc1-bfa2-e415abb97f17}</UniqueIdentifier>
      <Extensions>h;hpp;hxx;hm;inl</Extensions>
    </Filter>
    <Filter Include="Header Files\vec_h">
      <UniqueIdentifier>{42086d36-cb60-4505-ab29-3c3f9b2cdbcd}</UniqueIdentifier>
    </Filter>
    <Filter Include="Header Files\xxl_h">
      <UniqueIdentifier>{bd0d623e-8bc4-4eab-885f-21af7c123911}</UniqueIdentifier>
    </Filter>
  </ItemGroup>
  <ItemGroup>
    <ClCompile Include="..\src\sstuff\datafile.cpp">
      <Filter>Source Files</Filter>
    </ClCompile>
    <ClCompile Include="..\src\sstuff\fileio.cpp">
      <Filter>Source Files</Filter>
    </ClCompile>
    <ClCompile Include="..\src\sstuff\findfile.cpp">
      <Filter>Source Files</Filter>
    </ClCompile>
    <ClCompile Include="..\src\sstuff\geom_alg.cpp">
      <Filter>Source Files</Filter>
    </ClCompile>
    <ClCompile Include="..\src\sstuff\interp.cpp">
      <Filter>Source Files</Filter>
    </ClCompile>
    <ClCompile Include="..\src\sstuff\read_txt.cpp">
      <Filter>Source Files</Filter>
    </ClCompile>
    <ClCompile Include="..\src\sstuff\rnd.cpp">
      <Filter>Source Files</Filter>
    </ClCompile>
    <ClCompile Include="..\src\sstuff\sstuff.cpp">
      <Filter>Source Files</Filter>
    </ClCompile>
    <ClCompile Include="..\src\sstuff\stepFunc.cpp">
      <Filter>Source Files</Filter>
    </ClCompile>
    <ClCompile Include="..\src\sstuff\threads.cpp">
      <Filter>Source Files</Filter>
    </ClCompile>
    <ClCompile Include="..\src\sstuff\bitvec.cpp">
      <Filter>Source Files\vec_cpp</Filter>
    </ClCompile>
    <ClCompile Include="..\src\sstuff\boolvec.cpp">
      <Filter>Source Files\vec_cpp</Filter>
    </ClCompile>
    <ClCompile Include="..\src\sstuff\intvec.cpp">
      <Filter>Source Files\vec_cpp</Filter>
    </ClCompile>
    <ClCompile Include="..\src\sstuff\shortvec.cpp">
      <Filter>Source Files\vec_cpp</Filter>
    </ClCompile>
    <ClCompile Include="..\src\sstuff\sizetvec.cpp">
      <Filter>Source Files\vec_cpp</Filter>
    </ClCompile>
    <ClCompile Include="..\src\sstuff\strvec.cpp">
      <Filter>Source Files\vec_cpp</Filter>
    </ClCompile>
    <ClCompile Include="..\src\sstuff\vec.cpp">
      <Filter>Source Files\vec_cpp</Filter>
    </ClCompile>
    <ClCompile Include="..\src\sstuff\vec_alg.cpp">
      <Filter>Source Files\vec_cpp</Filter>
    </ClCompile>
    <ClCompile Include="..\src\sstuff\ptypes\pasync.cxx">
      <Filter>Source Files\ptypes</Filter>
    </ClCompile>
    <ClCompile Include="..\src\sstuff\ptypes\patomic.cxx">
      <Filter>Source Files\ptypes</Filter>
    </ClCompile>
    <ClCompile Include="..\src\sstuff\ptypes\pexcept.cxx">
      <Filter>Source Files\ptypes</Filter>
    </ClCompile>
    <ClCompile Include="..\src\sstuff\ptypes\pfatal.cxx">
      <Filter>Source Files\ptypes</Filter>
    </ClCompile>
    <ClCompile Include="..\src\sstuff\ptypes\pmem.cxx">
      <Filter>Source Files\ptypes</Filter>
    </ClCompile>
    <ClCompile Include="..\src\sstuff\ptypes\pmsgq.cxx">
      <Filter>Source Files\ptypes</Filter>
    </ClCompile>
    <ClCompile Include="..\src\sstuff\ptypes\psemaphore.cxx">
      <Filter>Source Files\ptypes</Filter>
    </ClCompile>
    <ClCompile Include="..\src\sstuff\ptypes\pstring.cxx">
      <Filter>Source Files\ptypes</Filter>
    </ClCompile>
    <ClCompile Include="..\src\sstuff\ptypes\pthread.cxx">
      <Filter>Source Files\ptypes</Filter>
    </ClCompile>
    <ClCompile Include="..\src\sstuff\ptypes\ptimedsem.cxx">
      <Filter>Source Files\ptypes</Filter>
    </ClCompile>
    <ClCompile Include="..\src\sstuff\ptypes\punknown.cxx">
      <Filter>Source Files\ptypes</Filter>
    </ClCompile>
    <ClCompile Include="..\src_xxl\sstuff\bitvec_xxl.cpp">
      <Filter>Source Files\xxl_cpp</Filter>
    </ClCompile>
    <ClCompile Include="..\src_xxl\sstuff\shortvec_xxl.cpp">
      <Filter>Source Files\xxl_cpp</Filter>
    </ClCompile>
    <ClCompile Include="..\src_xxl\sstuff\sizetvec_xxl.cpp">
      <Filter>Source Files\xxl_cpp</Filter>
    </ClCompile>
    <ClCompile Include="..\src_xxl\sstuff\solvers_xxl.cpp">
      <Filter>Source Files\xxl_cpp</Filter>
    </ClCompile>
    <ClCompile Include="..\src_xxl\sstuff\vec_xxl.cpp">
      <Filter>Source Files\xxl_cpp</Filter>
    </ClCompile>
  </ItemGroup>
  <ItemGroup>
    <ClInclude Include="..\src\sstuff\ptypes\pasync.h">
      <Filter>Source Files\ptypes</Filter>
    </ClInclude>
    <ClInclude Include="..\src\sstuff\ptypes\pport.h">
      <Filter>Source Files\ptypes</Filter>
    </ClInclude>
    <ClInclude Include="..\src\sstuff\ptypes\ptypes.h">
      <Filter>Source Files\ptypes</Filter>
    </ClInclude>
    <ClInclude Include="..\src\sstuff\byteswap_alg.h">
      <Filter>Header Files</Filter>
    </ClInclude>
    <ClInclude Include="..\src\sstuff\datafile.h">
      <Filter>Header Files</Filter>
    </ClInclude>
    <ClInclude Include="..\src\sstuff\fileio.h">
      <Filter>Header Files</Filter>
    </ClInclude>
    <ClInclude Include="..\src\sstuff\findfile.h">
      <Filter>Header Files</Filter>
    </ClInclude>
    <ClInclude Include="..\src\sstuff\geom_alg.h">
      <Filter>Header Files</Filter>
    </ClInclude>
    <ClInclude Include="..\src\sstuff\interp.h">
      <Filter>Header Files</Filter>
    </ClInclude>
    <ClInclude Include="..\src\sstuff\read_txt.h">
      <Filter>Header Files</Filter>
    </ClInclude>
    <ClInclude Include="..\src\sstuff\real.h">
      <Filter>Header Files</Filter>
    </ClInclude>
    <ClInclude Include="..\src\sstuff\rnd.h">
      <Filter>Header Files</Filter>
    </ClInclude>
    <ClInclude Include="..\src\sstuff\sstuff.h">
      <Filter>Header Files</Filter>
    </ClInclude>
    <ClInclude Include="..\src\sstuff\sstuff_ie.h">
      <Filter>Header Files</Filter>
    </ClInclude>
    <ClInclude Include="..\src\sstuff\stepFunc.h">
      <Filter>Header Files</Filter>
    </ClInclude>
    <ClInclude Include="..\src\sstuff\threads.h">
      <Filter>Header Files</Filter>
    </ClInclude>
    <ClInclude Include="..\src\sstuff\bitvec.h">
      <Filter>Header Files\vec_h</Filter>
    </ClInclude>
    <ClInclude Include="..\src\sstuff\boolvec.h">
      <Filter>Header Files\vec_h</Filter>
    </ClInclude>
    <ClInclude Include="..\src\sstuff\intvec.h">
      <Filter>Header Files\vec_h</Filter>
    </ClInclude>
    <ClInclude Include="..\src\sstuff\shortvec.h">
      <Filter>Header Files\vec_h</Filter>
    </ClInclude>
    <ClInclude Include="..\src\sstuff\sizetvec.h">
      <Filter>Header Files\vec_h</Filter>
    </ClInclude>
    <ClInclude Include="..\src\sstuff\strvec.h">
      <Filter>Header Files\vec_h</Filter>
    </ClInclude>
    <ClInclude Include="..\src\sstuff\vec.h">
      <Filter>Header Files\vec_h</Filter>
    </ClInclude>
    <ClInclude Include="..\src\sstuff\vec_alg.h">
      <Filter>Header Files\vec_h</Filter>
    </ClInclude>
    <ClInclude Include="..\src_xxl\sstuff\bitvec_xxl.h">
      <Filter>Header Files\xxl_h</Filter>
    </ClInclude>
    <ClInclude Include="..\src_xxl\sstuff\shortvec_xxl.h">
      <Filter>Header Files\xxl_h</Filter>
    </ClInclude>
    <ClInclude Include="..\src_xxl\sstuff\sizetvec_xxl.h">
      <Filter>Header Files\xxl_h</Filter>
    </ClInclude>
    <ClInclude Include="..\src_xxl\sstuff\solvers_xxl.h">
      <Filter>Header Files\xxl_h</Filter>
    </ClInclude>
    <ClInclude Include="..\src_xxl\sstuff\vec_xxl.h">
      <Filter>Header Files\xxl_h</Filter>
    </ClInclude>
  </ItemGroup>
</Project>